# This file is automatically @generated by Cargo.
# It is not intended for manual editing.
version = 4

[[package]]
name = "asterix-bin-inspector"
version = "1.0.0"

[[package]]
name = "asterix-code-repair"
version = "1.0.0"

[[package]]
name = "asterix-crypto-core"
version = "1.0.0"

[[package]]
name = "asterix-dark-engine"
version = "1.0.0"

[[package]]
name = "asterix-defender-core"
version = "1.0.0"

[[package]]
name = "asterix-guard-engine"
version = "1.0.0"

[[package]]
name = "asterix-log-hunter"
version = "1.0.0"

[[package]]
name = "asterix-net-sentinel"
version = "1.0.0"

[[package]]
name = "asterix-sys-mon"
version = "1.0.0"
